
Microsoft Visual Studio Solution File, Format Version 12.00
# Visual Studio Version 17
VisualStudioVersion = 17.13.35931.197 d17.13
MinimumVisualStudioVersion = 10.0.40219.1
Project("{FAE04EC0-301F-11D3-BF4B-00C04F79EFBC}") = "ArvoreAVL", "ArvoreAVL\ArvoreAVL.csproj", "{6224DFD9-2903-4C4E-B49B-B1F34F3F73EA}"
EndProject
Global
	GlobalSection(SolutionConfigurationPlatforms) = preSolution
		Debug|Any CPU = Debug|Any CPU
		Release|Any CPU = Release|Any CPU
	EndGlobalSection
	GlobalSection(ProjectConfigurationPlatforms) = postSolution
		{6224DFD9-2903-4C4E-B49B-B1F34F3F73EA}.Debug|Any CPU.ActiveCfg = Debug|Any CPU
		{6224DFD9-2903-4C4E-B49B-B1F34F3F73EA}.Debug|Any CPU.Build.0 = Debug|Any CPU
		{6224DFD9-2903-4C4E-B49B-B1F34F3F73EA}.Release|Any CPU.ActiveCfg = Release|Any CPU
		{6224DFD9-2903-4C4E-B49B-B1F34F3F73EA}.Release|Any CPU.Build.0 = Release|Any CPU
	EndGlobalSection
	GlobalSection(SolutionProperties) = preSolution
		HideSolutionNode = FALSE
	EndGlobalSection
	GlobalSection(ExtensibilityGlobals) = postSolution
		SolutionGuid = {0B05EDD4-09F7-48BB-A7BC-4DAE3AADBCCE}
	EndGlobalSection
EndGlobal
